
Microsoft Visual Studio Solution File, Format Version 12.00
# Visual Studio Version 17
VisualStudioVersion = 17.11.35312.102
MinimumVisualStudioVersion = 10.0.40219.1
Project("{2150E333-8FDC-42A3-9474-1A3956D46DE8}") = "Services", "Services", "{32B3C2C3-A067-497B-81D3-F5A077194620}"
EndProject
Project("{2150E333-8FDC-42A3-9474-1A3956D46DE8}") = "Catalog", "Catalog", "{61C04788-9DB4-431F-97C8-ABA911A3F332}"
EndProject
Project("{9A19103F-16F7-4668-BE54-9A1E7A4F7556}") = "Catalog.API", "Services\Catalog\CatalogAPI\Catalog.API.csproj", "{AD49418C-A949-4712-8772-BA330AA7F2EB}"
EndProject
Project("{2150E333-8FDC-42A3-9474-1A3956D46DE8}") = "BuildingBlocks", "BuildingBlocks", "{F1A75CC7-1DC3-41DD-9B60-082575E1A4C7}"
EndProject
Project("{9A19103F-16F7-4668-BE54-9A1E7A4F7556}") = "BuildingBlocks", "BuildingBlocks\BuildingBlocks\BuildingBlocks.csproj", "{7AE95487-D1A3-48F0-A78F-1C5FE9339F6A}"
EndProject
Project("{E53339B2-1760-4266-BCC7-CA923CBCF16C}") = "docker-compose", "docker-compose.dcproj", "{18309812-8BE7-4300-9A69-66F3DD21F7EB}"
EndProject
Global
	GlobalSection(SolutionConfigurationPlatforms) = preSolution
		Debug|Any CPU = Debug|Any CPU
		Release|Any CPU = Release|Any CPU
	EndGlobalSection
	GlobalSection(ProjectConfigurationPlatforms) = postSolution
		{AD49418C-A949-4712-8772-BA330AA7F2EB}.Debug|Any CPU.ActiveCfg = Debug|Any CPU
		{AD49418C-A949-4712-8772-BA330AA7F2EB}.Debug|Any CPU.Build.0 = Debug|Any CPU
		{AD49418C-A949-4712-8772-BA330AA7F2EB}.Release|Any CPU.ActiveCfg = Release|Any CPU
		{AD49418C-A949-4712-8772-BA330AA7F2EB}.Release|Any CPU.Build.0 = Release|Any CPU
		{7AE95487-D1A3-48F0-A78F-1C5FE9339F6A}.Debug|Any CPU.ActiveCfg = Debug|Any CPU
		{7AE95487-D1A3-48F0-A78F-1C5FE9339F6A}.Debug|Any CPU.Build.0 = Debug|Any CPU
		{7AE95487-D1A3-48F0-A78F-1C5FE9339F6A}.Release|Any CPU.ActiveCfg = Release|Any CPU
		{7AE95487-D1A3-48F0-A78F-1C5FE9339F6A}.Release|Any CPU.Build.0 = Release|Any CPU
		{18309812-8BE7-4300-9A69-66F3DD21F7EB}.Debug|Any CPU.ActiveCfg = Debug|Any CPU
		{18309812-8BE7-4300-9A69-66F3DD21F7EB}.Debug|Any CPU.Build.0 = Debug|Any CPU
		{18309812-8BE7-4300-9A69-66F3DD21F7EB}.Release|Any CPU.ActiveCfg = Release|Any CPU
		{18309812-8BE7-4300-9A69-66F3DD21F7EB}.Release|Any CPU.Build.0 = Release|Any CPU
	EndGlobalSection
	GlobalSection(SolutionProperties) = preSolution
		HideSolutionNode = FALSE
	EndGlobalSection
	GlobalSection(NestedProjects) = preSolution
		{61C04788-9DB4-431F-97C8-ABA911A3F332} = {32B3C2C3-A067-497B-81D3-F5A077194620}
		{AD49418C-A949-4712-8772-BA330AA7F2EB} = {61C04788-9DB4-431F-97C8-ABA911A3F332}
		{7AE95487-D1A3-48F0-A78F-1C5FE9339F6A} = {F1A75CC7-1DC3-41DD-9B60-082575E1A4C7}
	EndGlobalSection
	GlobalSection(ExtensibilityGlobals) = postSolution
		SolutionGuid = {5BC71F2E-17B3-4532-8764-6C25740779FB}
	EndGlobalSection
EndGlobal
